
Microsoft Visual Studio Solution File, Format Version 12.00
# Visual Studio 2013
VisualStudioVersion = 12.0.21005.1
MinimumVisualStudioVersion = 10.0.40219.1
Project("{FAE04EC0-301F-11D3-BF4B-00C04F79EFBC}") = "Everglades", "Everglades\Everglades.csproj", "{083942C7-D548-463F-976F-7A6713590431}"
	ProjectSection(ProjectDependencies) = postProject
		{ED735915-199E-4958-BE76-9C2601D0723E} = {ED735915-199E-4958-BE76-9C2601D0723E}
	EndProjectSection
EndProject
Project("{8BC9CEB8-8B4A-11D0-8D11-00A0C91BC942}") = "pricer", "pricer\pricer.vcxproj", "{8798B69F-CDAD-4601-AD62-B0651719AF20}"
EndProject
Project("{8BC9CEB8-8B4A-11D0-8D11-00A0C91BC942}") = "wrapper", "wrapper\wrapper.vcxproj", "{ED735915-199E-4958-BE76-9C2601D0723E}"
EndProject
Global
	GlobalSection(SolutionConfigurationPlatforms) = preSolution
		Debug|Any CPU = Debug|Any CPU
		Debug|Mixed Platforms = Debug|Mixed Platforms
		Debug|Win32 = Debug|Win32
		Debug|x64 = Debug|x64
		Release|Any CPU = Release|Any CPU
		Release|Mixed Platforms = Release|Mixed Platforms
		Release|Win32 = Release|Win32
		Release|x64 = Release|x64
	EndGlobalSection
	GlobalSection(ProjectConfigurationPlatforms) = postSolution
		{083942C7-D548-463F-976F-7A6713590431}.Debug|Any CPU.ActiveCfg = Debug|Any CPU
		{083942C7-D548-463F-976F-7A6713590431}.Debug|Any CPU.Build.0 = Debug|Any CPU
		{083942C7-D548-463F-976F-7A6713590431}.Debug|Mixed Platforms.ActiveCfg = Debug|Any CPU
		{083942C7-D548-463F-976F-7A6713590431}.Debug|Mixed Platforms.Build.0 = Debug|Any CPU
		{083942C7-D548-463F-976F-7A6713590431}.Debug|Win32.ActiveCfg = Debug|Any CPU
		{083942C7-D548-463F-976F-7A6713590431}.Debug|x64.ActiveCfg = Debug|x64
		{083942C7-D548-463F-976F-7A6713590431}.Debug|x64.Build.0 = Debug|x64
		{083942C7-D548-463F-976F-7A6713590431}.Release|Any CPU.ActiveCfg = Release|Any CPU
		{083942C7-D548-463F-976F-7A6713590431}.Release|Any CPU.Build.0 = Release|Any CPU
		{083942C7-D548-463F-976F-7A6713590431}.Release|Mixed Platforms.ActiveCfg = Release|Any CPU
		{083942C7-D548-463F-976F-7A6713590431}.Release|Mixed Platforms.Build.0 = Release|Any CPU
		{083942C7-D548-463F-976F-7A6713590431}.Release|Win32.ActiveCfg = Release|Any CPU
		{083942C7-D548-463F-976F-7A6713590431}.Release|x64.ActiveCfg = Release|x64
		{8798B69F-CDAD-4601-AD62-B0651719AF20}.Debug|Any CPU.ActiveCfg = Debug|Win32
		{8798B69F-CDAD-4601-AD62-B0651719AF20}.Debug|Mixed Platforms.ActiveCfg = Debug|Win32
		{8798B69F-CDAD-4601-AD62-B0651719AF20}.Debug|Mixed Platforms.Build.0 = Debug|Win32
		{8798B69F-CDAD-4601-AD62-B0651719AF20}.Debug|Win32.ActiveCfg = Debug|Win32
		{8798B69F-CDAD-4601-AD62-B0651719AF20}.Debug|Win32.Build.0 = Debug|Win32
		{8798B69F-CDAD-4601-AD62-B0651719AF20}.Debug|x64.ActiveCfg = Debug|x64
		{8798B69F-CDAD-4601-AD62-B0651719AF20}.Release|Any CPU.ActiveCfg = Release|Win32
		{8798B69F-CDAD-4601-AD62-B0651719AF20}.Release|Mixed Platforms.ActiveCfg = Release|Win32
		{8798B69F-CDAD-4601-AD62-B0651719AF20}.Release|Mixed Platforms.Build.0 = Release|Win32
		{8798B69F-CDAD-4601-AD62-B0651719AF20}.Release|Win32.ActiveCfg = Release|Win32
		{8798B69F-CDAD-4601-AD62-B0651719AF20}.Release|Win32.Build.0 = Release|Win32
		{8798B69F-CDAD-4601-AD62-B0651719AF20}.Release|x64.ActiveCfg = Release|x64
		{8798B69F-CDAD-4601-AD62-B0651719AF20}.Release|x64.Build.0 = Release|x64
		{ED735915-199E-4958-BE76-9C2601D0723E}.Debug|Any CPU.ActiveCfg = Debug|Win32
		{ED735915-199E-4958-BE76-9C2601D0723E}.Debug|Mixed Platforms.ActiveCfg = Debug|Win32
		{ED735915-199E-4958-BE76-9C2601D0723E}.Debug|Mixed Platforms.Build.0 = Debug|Win32
		{ED735915-199E-4958-BE76-9C2601D0723E}.Debug|Win32.ActiveCfg = Debug|Win32
		{ED735915-199E-4958-BE76-9C2601D0723E}.Debug|Win32.Build.0 = Debug|Win32
		{ED735915-199E-4958-BE76-9C2601D0723E}.Debug|x64.ActiveCfg = Debug|x64
		{ED735915-199E-4958-BE76-9C2601D0723E}.Release|Any CPU.ActiveCfg = Release|Win32
		{ED735915-199E-4958-BE76-9C2601D0723E}.Release|Mixed Platforms.ActiveCfg = Release|Win32
		{ED735915-199E-4958-BE76-9C2601D0723E}.Release|Mixed Platforms.Build.0 = Release|Win32
		{ED735915-199E-4958-BE76-9C2601D0723E}.Release|Win32.ActiveCfg = Release|Win32
		{ED735915-199E-4958-BE76-9C2601D0723E}.Release|Win32.Build.0 = Release|Win32
		{ED735915-199E-4958-BE76-9C2601D0723E}.Release|x64.ActiveCfg = Release|Win32
	EndGlobalSection
	GlobalSection(SolutionProperties) = preSolution
		HideSolutionNode = FALSE
	EndGlobalSection
EndGlobal
