
Microsoft Visual Studio Solution File, Format Version 12.00
# Visual Studio 2013
VisualStudioVersion = 12.0.30723.0
MinimumVisualStudioVersion = 10.0.40219.1
Project("{FAE04EC0-301F-11D3-BF4B-00C04F79EFBC}") = "Everglades", "Everglades\Everglades.csproj", "{083942C7-D548-463F-976F-7A6713590431}"
EndProject
Global
	GlobalSection(SolutionConfigurationPlatforms) = preSolution
		Debug|Any CPU = Debug|Any CPU
		Debug|x64 = Debug|x64
		Release|Any CPU = Release|Any CPU
		Release|x64 = Release|x64
	EndGlobalSection
	GlobalSection(ProjectConfigurationPlatforms) = postSolution
		{083942C7-D548-463F-976F-7A6713590431}.Debug|Any CPU.ActiveCfg = Debug|Any CPU
		{083942C7-D548-463F-976F-7A6713590431}.Debug|Any CPU.Build.0 = Debug|Any CPU
		{083942C7-D548-463F-976F-7A6713590431}.Debug|x64.ActiveCfg = Debug|Any CPU
		{083942C7-D548-463F-976F-7A6713590431}.Debug|x64.Build.0 = Debug|Any CPU
		{083942C7-D548-463F-976F-7A6713590431}.Release|Any CPU.ActiveCfg = Release|Any CPU
		{083942C7-D548-463F-976F-7A6713590431}.Release|Any CPU.Build.0 = Release|Any CPU
		{083942C7-D548-463F-976F-7A6713590431}.Release|x64.ActiveCfg = Release|x64
		{083942C7-D548-463F-976F-7A6713590431}.Release|x64.Build.0 = Release|x64
	EndGlobalSection
	GlobalSection(SolutionProperties) = preSolution
		HideSolutionNode = FALSE
	EndGlobalSection
EndGlobal
