
Microsoft Visual Studio Solution File, Format Version 12.00
# Visual Studio 2013
VisualStudioVersion = 12.0.30723.0
MinimumVisualStudioVersion = 10.0.40219.1
Project("{FAE04EC0-301F-11D3-BF4B-00C04F79EFBC}") = "Everglades", "Everglades\Everglades.csproj", "{083942C7-D548-463F-976F-7A6713590431}"
	ProjectSection(ProjectDependencies) = postProject
		{C37BFCDF-F5A9-4F03-95D0-C22F86BC361B} = {C37BFCDF-F5A9-4F03-95D0-C22F86BC361B}
	EndProjectSection
EndProject
Project("{8BC9CEB8-8B4A-11D0-8D11-00A0C91BC942}") = "Pricer", "pricer\pricer.vcxproj", "{8798B69F-CDAD-4601-AD62-B0651719AF20}"
EndProject
Project("{8BC9CEB8-8B4A-11D0-8D11-00A0C91BC942}") = "Wrapping", "Wrapping\Wrapping.vcxproj", "{C37BFCDF-F5A9-4F03-95D0-C22F86BC361B}"
	ProjectSection(ProjectDependencies) = postProject
		{8798B69F-CDAD-4601-AD62-B0651719AF20} = {8798B69F-CDAD-4601-AD62-B0651719AF20}
	EndProjectSection
EndProject
Project("{FAE04EC0-301F-11D3-BF4B-00C04F79EFBC}") = "TestAccessBD", "TestAccessBD\TestAccessBD\TestAccessBD.csproj", "{246C51E2-AE15-4E77-BC3C-00E726911651}"
EndProject
Global
	GlobalSection(SolutionConfigurationPlatforms) = preSolution
		Debug|Any CPU = Debug|Any CPU
		Debug|x64 = Debug|x64
		Release|Any CPU = Release|Any CPU
		Release|x64 = Release|x64
	EndGlobalSection
	GlobalSection(ProjectConfigurationPlatforms) = postSolution
		{083942C7-D548-463F-976F-7A6713590431}.Debug|Any CPU.ActiveCfg = Debug|x64
		{083942C7-D548-463F-976F-7A6713590431}.Debug|Any CPU.Build.0 = Debug|x64
		{083942C7-D548-463F-976F-7A6713590431}.Debug|x64.ActiveCfg = Debug|x64
		{083942C7-D548-463F-976F-7A6713590431}.Debug|x64.Build.0 = Debug|x64
		{083942C7-D548-463F-976F-7A6713590431}.Release|Any CPU.ActiveCfg = Release|Any CPU
		{083942C7-D548-463F-976F-7A6713590431}.Release|Any CPU.Build.0 = Release|Any CPU
		{083942C7-D548-463F-976F-7A6713590431}.Release|x64.ActiveCfg = Release|x64
		{083942C7-D548-463F-976F-7A6713590431}.Release|x64.Build.0 = Release|x64
		{8798B69F-CDAD-4601-AD62-B0651719AF20}.Debug|Any CPU.ActiveCfg = Debug|x64
		{8798B69F-CDAD-4601-AD62-B0651719AF20}.Debug|Any CPU.Build.0 = Debug|x64
		{8798B69F-CDAD-4601-AD62-B0651719AF20}.Debug|x64.ActiveCfg = Debug|x64
		{8798B69F-CDAD-4601-AD62-B0651719AF20}.Debug|x64.Build.0 = Debug|x64
		{8798B69F-CDAD-4601-AD62-B0651719AF20}.Release|Any CPU.ActiveCfg = Release|Win32
		{8798B69F-CDAD-4601-AD62-B0651719AF20}.Release|x64.ActiveCfg = Release|x64
		{8798B69F-CDAD-4601-AD62-B0651719AF20}.Release|x64.Build.0 = Release|x64
		{C37BFCDF-F5A9-4F03-95D0-C22F86BC361B}.Debug|Any CPU.ActiveCfg = Debug|x64
		{C37BFCDF-F5A9-4F03-95D0-C22F86BC361B}.Debug|Any CPU.Build.0 = Debug|x64
		{C37BFCDF-F5A9-4F03-95D0-C22F86BC361B}.Debug|x64.ActiveCfg = Debug|x64
		{C37BFCDF-F5A9-4F03-95D0-C22F86BC361B}.Debug|x64.Build.0 = Debug|x64
		{C37BFCDF-F5A9-4F03-95D0-C22F86BC361B}.Release|Any CPU.ActiveCfg = Release|Win32
		{C37BFCDF-F5A9-4F03-95D0-C22F86BC361B}.Release|x64.ActiveCfg = Release|Win32
		{246C51E2-AE15-4E77-BC3C-00E726911651}.Debug|Any CPU.ActiveCfg = Debug|x64
		{246C51E2-AE15-4E77-BC3C-00E726911651}.Debug|Any CPU.Build.0 = Debug|x64
		{246C51E2-AE15-4E77-BC3C-00E726911651}.Debug|x64.ActiveCfg = Debug|x64
		{246C51E2-AE15-4E77-BC3C-00E726911651}.Debug|x64.Build.0 = Debug|x64
		{246C51E2-AE15-4E77-BC3C-00E726911651}.Release|Any CPU.ActiveCfg = Release|Any CPU
		{246C51E2-AE15-4E77-BC3C-00E726911651}.Release|Any CPU.Build.0 = Release|Any CPU
		{246C51E2-AE15-4E77-BC3C-00E726911651}.Release|x64.ActiveCfg = Release|x64
		{246C51E2-AE15-4E77-BC3C-00E726911651}.Release|x64.Build.0 = Release|x64
	EndGlobalSection
	GlobalSection(SolutionProperties) = preSolution
		HideSolutionNode = FALSE
	EndGlobalSection
EndGlobal
